
Microsoft Visual Studio Solution File, Format Version 12.00
# Visual Studio Version 17
VisualStudioVersion = 17.0.31903.59
MinimumVisualStudioVersion = 10.0.40219.1
Project("{FAE04EC0-301F-11D3-BF4B-00C04F79EFBC}") = "Server", "Server\Server.csproj", "{02F15F7F-BFCA-40D7-A733-0929DF7883CE}"
EndProject
Global
	GlobalSection(SolutionConfigurationPlatforms) = preSolution
		Debug|Any CPU = Debug|Any CPU
		Release|Any CPU = Release|Any CPU
	EndGlobalSection
	GlobalSection(ProjectConfigurationPlatforms) = postSolution
		{02F15F7F-BFCA-40D7-A733-0929DF7883CE}.Debug|Any CPU.ActiveCfg = Debug|Any CPU
		{02F15F7F-BFCA-40D7-A733-0929DF7883CE}.Debug|Any CPU.Build.0 = Debug|Any CPU
		{02F15F7F-BFCA-40D7-A733-0929DF7883CE}.Release|Any CPU.ActiveCfg = Release|Any CPU
		{02F15F7F-BFCA-40D7-A733-0929DF7883CE}.Release|Any CPU.Build.0 = Release|Any CPU
	EndGlobalSection
	GlobalSection(SolutionProperties) = preSolution
		HideSolutionNode = FALSE
	EndGlobalSection
	GlobalSection(ExtensibilityGlobals) = postSolution
		SolutionGuid = {EA2686D0-AE97-4100-BDD3-805450C7A0C6}
	EndGlobalSection
EndGlobal
